
Microsoft Visual Studio Solution File, Format Version 12.00
# Visual Studio Version 16
VisualStudioVersion = 16.0.31105.61
MinimumVisualStudioVersion = 10.0.40219.1
Project("{FAE04EC0-301F-11D3-BF4B-00C04F79EFBC}") = "RockPaperScissors", "RockPaperScissors.csproj", "{A83FD443-1BF9-44F2-B8C4-9206E0603E83}"
EndProject
Global
	GlobalSection(SolutionConfigurationPlatforms) = preSolution
		Debug|Any CPU = Debug|Any CPU
		Release|Any CPU = Release|Any CPU
	EndGlobalSection
	GlobalSection(ProjectConfigurationPlatforms) = postSolution
		{A83FD443-1BF9-44F2-B8C4-9206E0603E83}.Debug|Any CPU.ActiveCfg = Debug|Any CPU
		{A83FD443-1BF9-44F2-B8C4-9206E0603E83}.Debug|Any CPU.Build.0 = Debug|Any CPU
		{A83FD443-1BF9-44F2-B8C4-9206E0603E83}.Release|Any CPU.ActiveCfg = Release|Any CPU
		{A83FD443-1BF9-44F2-B8C4-9206E0603E83}.Release|Any CPU.Build.0 = Release|Any CPU
	EndGlobalSection
	GlobalSection(SolutionProperties) = preSolution
		HideSolutionNode = FALSE
	EndGlobalSection
	GlobalSection(ExtensibilityGlobals) = postSolution
		SolutionGuid = {005AA5E6-A1E3-411C-8BAB-0A9D83125D49}
	EndGlobalSection
EndGlobal
